{
  "requires": true,
  "lockfileVersion": 1,
  "dependencies": {
    "blueimp-load-image": {
      "version": "2.22.0",
      "resolved": "https://registry.npmjs.org/blueimp-load-image/-/blueimp-load-image-2.22.0.tgz",
      "integrity": "sha512-velremyKWi71CAe45Te81drrcvyRtwS4/sIxju9weyrWzlXGSJINS9d1rIC9r/78IUYTMW55Pv/CkDTLAH3r+Q=="
    },
    "fix-image-rotation": {
      "version": "2.0.0",
      "resolved": "https://registry.npmjs.org/fix-image-rotation/-/fix-image-rotation-2.0.0.tgz",
      "integrity": "sha512-iljJH6m0IXif1WDLiwO9EUmKWhKfi7CHZw56j8kxULU1jvQkS/UlspUJ+Jgs9BQfaZs7ABaMniCR8EdfcORHdQ==",
      "requires": {
        "blueimp-load-image": "^2.18.0"
      }
    }
  }
}
